
Microsoft Visual Studio Solution File, Format Version 12.00
# Visual Studio 2012
Project("{FAE04EC0-301F-11D3-BF4B-00C04F79EFBC}") = "AutoMobile", "AutoMobile\AutoMobile.csproj", "{2E27991E-9F31-4DC9-95B7-A5B24EDE2705}"
	ProjectSection(ProjectDependencies) = postProject
		{FCF7386E-1F3D-4DB8-8362-2492A012ECFA} = {FCF7386E-1F3D-4DB8-8362-2492A012ECFA}
	EndProjectSection
EndProject
Project("{FAE04EC0-301F-11D3-BF4B-00C04F79EFBC}") = "Business Logic Layer", "Business Logic Layer\Business Logic Layer.csproj", "{FCF7386E-1F3D-4DB8-8362-2492A012ECFA}"
EndProject
Project("{FAE04EC0-301F-11D3-BF4B-00C04F79EFBC}") = "Model", "Model\Model.csproj", "{301E7D96-E9E6-4E82-89F8-F78585D8EF9E}"
EndProject
Project("{FAE04EC0-301F-11D3-BF4B-00C04F79EFBC}") = "DALContract", "DALContract\DALContract.csproj", "{8FD6E0AF-C866-4ABC-9364-EC5023CB7732}"
EndProject
Project("{FAE04EC0-301F-11D3-BF4B-00C04F79EFBC}") = "DalImplementation", "DalImplementation\DalImplementation.csproj", "{8F503E96-57D2-42C8-A400-D7D85462F080}"
EndProject
Global
	GlobalSection(SolutionConfigurationPlatforms) = preSolution
		Debug|Any CPU = Debug|Any CPU
		Release|Any CPU = Release|Any CPU
	EndGlobalSection
	GlobalSection(ProjectConfigurationPlatforms) = postSolution
		{2E27991E-9F31-4DC9-95B7-A5B24EDE2705}.Debug|Any CPU.ActiveCfg = Debug|Any CPU
		{2E27991E-9F31-4DC9-95B7-A5B24EDE2705}.Debug|Any CPU.Build.0 = Debug|Any CPU
		{2E27991E-9F31-4DC9-95B7-A5B24EDE2705}.Release|Any CPU.ActiveCfg = Release|Any CPU
		{2E27991E-9F31-4DC9-95B7-A5B24EDE2705}.Release|Any CPU.Build.0 = Release|Any CPU
		{FCF7386E-1F3D-4DB8-8362-2492A012ECFA}.Debug|Any CPU.ActiveCfg = Debug|Any CPU
		{FCF7386E-1F3D-4DB8-8362-2492A012ECFA}.Debug|Any CPU.Build.0 = Debug|Any CPU
		{FCF7386E-1F3D-4DB8-8362-2492A012ECFA}.Release|Any CPU.ActiveCfg = Release|Any CPU
		{FCF7386E-1F3D-4DB8-8362-2492A012ECFA}.Release|Any CPU.Build.0 = Release|Any CPU
		{301E7D96-E9E6-4E82-89F8-F78585D8EF9E}.Debug|Any CPU.ActiveCfg = Debug|Any CPU
		{301E7D96-E9E6-4E82-89F8-F78585D8EF9E}.Debug|Any CPU.Build.0 = Debug|Any CPU
		{301E7D96-E9E6-4E82-89F8-F78585D8EF9E}.Release|Any CPU.ActiveCfg = Release|Any CPU
		{301E7D96-E9E6-4E82-89F8-F78585D8EF9E}.Release|Any CPU.Build.0 = Release|Any CPU
		{8FD6E0AF-C866-4ABC-9364-EC5023CB7732}.Debug|Any CPU.ActiveCfg = Debug|Any CPU
		{8FD6E0AF-C866-4ABC-9364-EC5023CB7732}.Debug|Any CPU.Build.0 = Debug|Any CPU
		{8FD6E0AF-C866-4ABC-9364-EC5023CB7732}.Release|Any CPU.ActiveCfg = Release|Any CPU
		{8FD6E0AF-C866-4ABC-9364-EC5023CB7732}.Release|Any CPU.Build.0 = Release|Any CPU
		{8F503E96-57D2-42C8-A400-D7D85462F080}.Debug|Any CPU.ActiveCfg = Debug|Any CPU
		{8F503E96-57D2-42C8-A400-D7D85462F080}.Debug|Any CPU.Build.0 = Debug|Any CPU
		{8F503E96-57D2-42C8-A400-D7D85462F080}.Release|Any CPU.ActiveCfg = Release|Any CPU
		{8F503E96-57D2-42C8-A400-D7D85462F080}.Release|Any CPU.Build.0 = Release|Any CPU
	EndGlobalSection
	GlobalSection(SolutionProperties) = preSolution
		HideSolutionNode = FALSE
	EndGlobalSection
EndGlobal
